
Microsoft Visual Studio Solution File, Format Version 12.00
# Visual Studio Version 16
VisualStudioVersion = 16.0.30320.27
MinimumVisualStudioVersion = 10.0.40219.1
Project("{FAE04EC0-301F-11D3-BF4B-00C04F79EFBC}") = "DVDLibrary.UI", "DVDLibrary.UI\DVDLibrary.UI.csproj", "{D0ECCA67-2F62-4214-8D55-E8DDFDAF4CAA}"
EndProject
Project("{FAE04EC0-301F-11D3-BF4B-00C04F79EFBC}") = "DVDLibrary.Data", "DVDLibrary.Data\DVDLibrary.Data.csproj", "{5B5DB749-31AF-4664-8320-489FD4064FE1}"
EndProject
Project("{FAE04EC0-301F-11D3-BF4B-00C04F79EFBC}") = "DVDLibrary.Models", "DVDLibrary.Models\DVDLibrary.Models.csproj", "{EF9A9A10-723F-4139-8EE0-3451A0705CD1}"
EndProject
Global
	GlobalSection(SolutionConfigurationPlatforms) = preSolution
		Debug|Any CPU = Debug|Any CPU
		Release|Any CPU = Release|Any CPU
	EndGlobalSection
	GlobalSection(ProjectConfigurationPlatforms) = postSolution
		{D0ECCA67-2F62-4214-8D55-E8DDFDAF4CAA}.Debug|Any CPU.ActiveCfg = Debug|Any CPU
		{D0ECCA67-2F62-4214-8D55-E8DDFDAF4CAA}.Debug|Any CPU.Build.0 = Debug|Any CPU
		{D0ECCA67-2F62-4214-8D55-E8DDFDAF4CAA}.Release|Any CPU.ActiveCfg = Release|Any CPU
		{D0ECCA67-2F62-4214-8D55-E8DDFDAF4CAA}.Release|Any CPU.Build.0 = Release|Any CPU
		{5B5DB749-31AF-4664-8320-489FD4064FE1}.Debug|Any CPU.ActiveCfg = Debug|Any CPU
		{5B5DB749-31AF-4664-8320-489FD4064FE1}.Debug|Any CPU.Build.0 = Debug|Any CPU
		{5B5DB749-31AF-4664-8320-489FD4064FE1}.Release|Any CPU.ActiveCfg = Release|Any CPU
		{5B5DB749-31AF-4664-8320-489FD4064FE1}.Release|Any CPU.Build.0 = Release|Any CPU
		{EF9A9A10-723F-4139-8EE0-3451A0705CD1}.Debug|Any CPU.ActiveCfg = Debug|Any CPU
		{EF9A9A10-723F-4139-8EE0-3451A0705CD1}.Debug|Any CPU.Build.0 = Debug|Any CPU
		{EF9A9A10-723F-4139-8EE0-3451A0705CD1}.Release|Any CPU.ActiveCfg = Release|Any CPU
		{EF9A9A10-723F-4139-8EE0-3451A0705CD1}.Release|Any CPU.Build.0 = Release|Any CPU
	EndGlobalSection
	GlobalSection(SolutionProperties) = preSolution
		HideSolutionNode = FALSE
	EndGlobalSection
	GlobalSection(ExtensibilityGlobals) = postSolution
		SolutionGuid = {7B2CA69E-D021-4284-8CC2-BE7FF9C38FBE}
	EndGlobalSection
EndGlobal
