
Microsoft Visual Studio Solution File, Format Version 12.00
# Visual Studio Version 16
VisualStudioVersion = 16.0.29519.181
MinimumVisualStudioVersion = 10.0.40219.1
Project("{FAE04EC0-301F-11D3-BF4B-00C04F79EFBC}") = "BookManager", "BookManager.csproj", "{565ED16F-817E-4B6B-869D-8602E15C50D3}"
EndProject
Project("{FAE04EC0-301F-11D3-BF4B-00C04F79EFBC}") = "BookManager.Controllers", "..\BookManager.Controllers\BookManager.Controllers.csproj", "{94F63F78-EC45-4793-A08F-A9055811DAC2}"
EndProject
Project("{FAE04EC0-301F-11D3-BF4B-00C04F79EFBC}") = "BookManager.Models", "..\BookManager.Models\BookManager.Models.csproj", "{4236EA36-F7E8-4CC5-B2D0-B0B765547034}"
EndProject
Project("{FAE04EC0-301F-11D3-BF4B-00C04F79EFBC}") = "BookManager.Data", "..\BookManager.Data\BookManager.Data.csproj", "{0CB5CE44-946E-4D2E-B675-99668E8B7516}"
EndProject
Project("{FAE04EC0-301F-11D3-BF4B-00C04F79EFBC}") = "BookManager.View", "..\BookManager.View\BookManager.View.csproj", "{B1551172-3BE8-4864-8E1D-B12B20B4CF3B}"
EndProject
Global
	GlobalSection(SolutionConfigurationPlatforms) = preSolution
		Debug|Any CPU = Debug|Any CPU
		Release|Any CPU = Release|Any CPU
	EndGlobalSection
	GlobalSection(ProjectConfigurationPlatforms) = postSolution
		{565ED16F-817E-4B6B-869D-8602E15C50D3}.Debug|Any CPU.ActiveCfg = Debug|Any CPU
		{565ED16F-817E-4B6B-869D-8602E15C50D3}.Debug|Any CPU.Build.0 = Debug|Any CPU
		{565ED16F-817E-4B6B-869D-8602E15C50D3}.Release|Any CPU.ActiveCfg = Release|Any CPU
		{565ED16F-817E-4B6B-869D-8602E15C50D3}.Release|Any CPU.Build.0 = Release|Any CPU
		{94F63F78-EC45-4793-A08F-A9055811DAC2}.Debug|Any CPU.ActiveCfg = Debug|Any CPU
		{94F63F78-EC45-4793-A08F-A9055811DAC2}.Debug|Any CPU.Build.0 = Debug|Any CPU
		{94F63F78-EC45-4793-A08F-A9055811DAC2}.Release|Any CPU.ActiveCfg = Release|Any CPU
		{94F63F78-EC45-4793-A08F-A9055811DAC2}.Release|Any CPU.Build.0 = Release|Any CPU
		{4236EA36-F7E8-4CC5-B2D0-B0B765547034}.Debug|Any CPU.ActiveCfg = Debug|Any CPU
		{4236EA36-F7E8-4CC5-B2D0-B0B765547034}.Debug|Any CPU.Build.0 = Debug|Any CPU
		{4236EA36-F7E8-4CC5-B2D0-B0B765547034}.Release|Any CPU.ActiveCfg = Release|Any CPU
		{4236EA36-F7E8-4CC5-B2D0-B0B765547034}.Release|Any CPU.Build.0 = Release|Any CPU
		{0CB5CE44-946E-4D2E-B675-99668E8B7516}.Debug|Any CPU.ActiveCfg = Debug|Any CPU
		{0CB5CE44-946E-4D2E-B675-99668E8B7516}.Debug|Any CPU.Build.0 = Debug|Any CPU
		{0CB5CE44-946E-4D2E-B675-99668E8B7516}.Release|Any CPU.ActiveCfg = Release|Any CPU
		{0CB5CE44-946E-4D2E-B675-99668E8B7516}.Release|Any CPU.Build.0 = Release|Any CPU
		{B1551172-3BE8-4864-8E1D-B12B20B4CF3B}.Debug|Any CPU.ActiveCfg = Debug|Any CPU
		{B1551172-3BE8-4864-8E1D-B12B20B4CF3B}.Debug|Any CPU.Build.0 = Debug|Any CPU
		{B1551172-3BE8-4864-8E1D-B12B20B4CF3B}.Release|Any CPU.ActiveCfg = Release|Any CPU
		{B1551172-3BE8-4864-8E1D-B12B20B4CF3B}.Release|Any CPU.Build.0 = Release|Any CPU
	EndGlobalSection
	GlobalSection(SolutionProperties) = preSolution
		HideSolutionNode = FALSE
	EndGlobalSection
	GlobalSection(ExtensibilityGlobals) = postSolution
		SolutionGuid = {FE52593C-82B5-48E1-9F32-DEBC8FDCDCBE}
	EndGlobalSection
EndGlobal
